
Microsoft Visual Studio Solution File, Format Version 11.00
# Visual Studio 2010
Project("{FAE04EC0-301F-11D3-BF4B-00C04F79EFBC}") = "CSCI3097_Game_Of_Life_3D", "CSCI3097_Game_Of_Life_2D\CSCI3097_Game_Of_Life_2D\CSCI3097_Game_Of_Life_3D.csproj", "{3C54228E-38F6-48FD-97CD-BA951CE04F65}"
EndProject
Project("{FAE04EC0-301F-11D3-BF4B-00C04F79EFBC}") = "CSCI3097_Game_Of_Life_3DContent", "CSCI3097_Game_Of_Life_2D\CSCI3097_Game_Of_Life_2DContent\CSCI3097_Game_Of_Life_3DContent.contentproj", "{2481EC65-E7EC-4D25-9943-8D87A4DAA7B5}"
EndProject
Global
	GlobalSection(SolutionConfigurationPlatforms) = preSolution
		Debug|Xbox 360 = Debug|Xbox 360
		Release|Xbox 360 = Release|Xbox 360
	EndGlobalSection
	GlobalSection(ProjectConfigurationPlatforms) = postSolution
		{3C54228E-38F6-48FD-97CD-BA951CE04F65}.Debug|Xbox 360.ActiveCfg = Debug|Xbox 360
		{3C54228E-38F6-48FD-97CD-BA951CE04F65}.Debug|Xbox 360.Build.0 = Debug|Xbox 360
		{3C54228E-38F6-48FD-97CD-BA951CE04F65}.Debug|Xbox 360.Deploy.0 = Debug|Xbox 360
		{3C54228E-38F6-48FD-97CD-BA951CE04F65}.Release|Xbox 360.ActiveCfg = Release|Xbox 360
		{3C54228E-38F6-48FD-97CD-BA951CE04F65}.Release|Xbox 360.Build.0 = Release|Xbox 360
		{3C54228E-38F6-48FD-97CD-BA951CE04F65}.Release|Xbox 360.Deploy.0 = Release|Xbox 360
		{2481EC65-E7EC-4D25-9943-8D87A4DAA7B5}.Debug|Xbox 360.ActiveCfg = Debug|Xbox 360
		{2481EC65-E7EC-4D25-9943-8D87A4DAA7B5}.Release|Xbox 360.ActiveCfg = Release|Xbox 360
	EndGlobalSection
	GlobalSection(SolutionProperties) = preSolution
		HideSolutionNode = FALSE
	EndGlobalSection
EndGlobal
