
Microsoft Visual Studio Solution File, Format Version 11.00
# Visual Studio 2010
Project("{FAE04EC0-301F-11D3-BF4B-00C04F79EFBC}") = "CSCI3097_Game_Of_Life_3D", "CSCI3097_Game_Of_Life_3D\CSCI3097_Game_Of_Life_3D\CSCI3097_Game_Of_Life_3D.csproj", "{2915CBAD-AE88-4398-9C1D-7EAE18AE0DCB}"
EndProject
Project("{96E2B04D-8817-42C6-938A-82C39BA4D311}") = "CSCI3097_Game_Of_Life_3DContent", "CSCI3097_Game_Of_Life_3D\CSCI3097_Game_Of_Life_3DContent\CSCI3097_Game_Of_Life_3DContent.contentproj", "{32FFC4D7-787B-41AD-B850-222C8D35FFEA}"
EndProject
Global
	GlobalSection(SolutionConfigurationPlatforms) = preSolution
		Debug|Xbox 360 = Debug|Xbox 360
		Release|Xbox 360 = Release|Xbox 360
	EndGlobalSection
	GlobalSection(ProjectConfigurationPlatforms) = postSolution
		{2915CBAD-AE88-4398-9C1D-7EAE18AE0DCB}.Debug|Xbox 360.ActiveCfg = Debug|Xbox 360
		{2915CBAD-AE88-4398-9C1D-7EAE18AE0DCB}.Debug|Xbox 360.Build.0 = Debug|Xbox 360
		{2915CBAD-AE88-4398-9C1D-7EAE18AE0DCB}.Debug|Xbox 360.Deploy.0 = Debug|Xbox 360
		{2915CBAD-AE88-4398-9C1D-7EAE18AE0DCB}.Release|Xbox 360.ActiveCfg = Release|Xbox 360
		{2915CBAD-AE88-4398-9C1D-7EAE18AE0DCB}.Release|Xbox 360.Build.0 = Release|Xbox 360
		{2915CBAD-AE88-4398-9C1D-7EAE18AE0DCB}.Release|Xbox 360.Deploy.0 = Release|Xbox 360
		{32FFC4D7-787B-41AD-B850-222C8D35FFEA}.Debug|Xbox 360.ActiveCfg = Debug|Xbox 360
		{32FFC4D7-787B-41AD-B850-222C8D35FFEA}.Release|Xbox 360.ActiveCfg = Release|Xbox 360
	EndGlobalSection
	GlobalSection(SolutionProperties) = preSolution
		HideSolutionNode = FALSE
	EndGlobalSection
EndGlobal
